Microsoft Visual Studio Solution File, Format Version 12.00
# Visual Studio Version 17
VisualStudioVersion = 17.12.35707.178
MinimumVisualStudioVersion = 10.0.40219.1
Project("{FAE04EC0-301F-11D3-BF4B-00C04F79EFBC}") = "Unisphere.AppHost", "Unisphere\Unisphere.AppHost\Unisphere.AppHost.csproj", "{31148D52-CAAD-4376-AB3A-E80B7E4D7075}"
EndProject
Project("{FAE04EC0-301F-11D3-BF4B-00C04F79EFBC}") = "Unisphere.ServiceDefaults", "Unisphere\Unisphere.ServiceDefaults\Unisphere.ServiceDefaults.csproj", "{922D523E-9A62-48CE-A8F4-3B3B13861135}"
EndProject
Project("{2150E333-8FDC-42A3-9474-1A3956D46DE8}") = "Unisphere", "Unisphere", "{7390EB02-DE32-4805-A222-8AE9665F3DE1}"
EndProject
Project("{2150E333-8FDC-42A3-9474-1A3956D46DE8}") = "Services", "Services", "{705ED0CC-4A41-4D4F-888D-9EDF593543B8}"
EndProject
Project("{2150E333-8FDC-42A3-9474-1A3956D46DE8}") = "00 - Solution Items", "00 - Solution Items", "{20834CC3-ECE1-45B4-A5D6-7234F3FA0EA9}"
	ProjectSection(SolutionItems) = preProject
		.editorconfig = .editorconfig
		Directory.Build.props = Directory.Build.props
		Directory.Packages.props = Directory.Packages.props
		..\README.md = ..\README.md
		..\unisphere.http = ..\unisphere.http
	EndProjectSection
EndProject
Project("{2150E333-8FDC-42A3-9474-1A3956D46DE8}") = "src", "src", "{44D1A6EE-DC0A-4EC5-ACF7-52C563FCC0AC}"
EndProject
Project("{2150E333-8FDC-42A3-9474-1A3956D46DE8}") = "Explorer", "Explorer", "{4344256B-17A6-49FE-AF6A-2838EF25C9FB}"
EndProject
Project("{2150E333-8FDC-42A3-9474-1A3956D46DE8}") = "src", "src", "{E3192728-787E-4269-9D4A-85775E55E358}"
EndProject
Project("{2150E333-8FDC-42A3-9474-1A3956D46DE8}") = "tests", "tests", "{7FE29A68-156E-4E16-9E05-EC3A0CD1927B}"
EndProject
Project("{FAE04EC0-301F-11D3-BF4B-00C04F79EFBC}") = "Unisphere.Explorer.Api", "Unisphere.Explorer\src\Unisphere.Explorer.Api\Unisphere.Explorer.Api.csproj", "{D8760959-2749-40BB-842D-AD9CFD3E23CE}"
EndProject
Project("{FAE04EC0-301F-11D3-BF4B-00C04F79EFBC}") = "Unisphere.Gateway.Api", "Unisphere.Gateway\src\Unisphere.Gateway.Api\Unisphere.Gateway.Api.csproj", "{315F90A3-EBF0-453C-8939-C6B13B55E397}"
EndProject
Project("{2150E333-8FDC-42A3-9474-1A3956D46DE8}") = "Gateway", "Gateway", "{1CF07766-A6D0-4121-B2E2-C2DF88A320CA}"
EndProject
Project("{2150E333-8FDC-42A3-9474-1A3956D46DE8}") = "src", "src", "{C6B906D2-64BC-4320-9E75-2DCA25B763BE}"
EndProject
Project("{2150E333-8FDC-42A3-9474-1A3956D46DE8}") = "tests", "tests", "{8D6EA9A7-2FBD-4F71-B2F3-271F0AA60C89}"
EndProject
Project("{FAE04EC0-301F-11D3-BF4B-00C04F79EFBC}") = "Unisphere.Identity.Api", "Unisphere.Identity\src\Unisphere.Identity.Api\Unisphere.Identity.Api.csproj", "{2529ECBD-0C3A-4A3E-910A-28363034B723}"
EndProject
Project("{2150E333-8FDC-42A3-9474-1A3956D46DE8}") = "Identity", "Identity", "{5D6D3A77-E69E-4C24-8E8C-DA6DD7EDD768}"
EndProject
Project("{2150E333-8FDC-42A3-9474-1A3956D46DE8}") = "src", "src", "{F8BEF46E-D4F4-4EAB-A63E-CF06AA5C2E8B}"
EndProject
Project("{2150E333-8FDC-42A3-9474-1A3956D46DE8}") = "tests", "tests", "{DCED7713-089E-4998-AB8E-C2590456ED87}"
EndProject
Project("{FAE04EC0-301F-11D3-BF4B-00C04F79EFBC}") = "Unisphere.ShopEasy.Api", "Unisphere.ShopEasy\src\Unisphere.ShopEasy.Api\Unisphere.ShopEasy.Api.csproj", "{0FB7F18C-9BA6-44B0-86D1-65D303FAE670}"
EndProject
Project("{2150E333-8FDC-42A3-9474-1A3956D46DE8}") = "ShopEasy", "ShopEasy", "{A960AE24-C723-4702-BE9A-56B0B8473158}"
EndProject
Project("{2150E333-8FDC-42A3-9474-1A3956D46DE8}") = "src", "src", "{DDAE980C-C698-4541-93C7-BD8B0739130B}"
EndProject
Project("{2150E333-8FDC-42A3-9474-1A3956D46DE8}") = "tests", "tests", "{E40839C4-3606-4761-88C3-E8A5DAE5356F}"
EndProject
Project("{FAE04EC0-301F-11D3-BF4B-00C04F79EFBC}") = "Unisphere.Explorer.Domain", "Unisphere.Explorer\src\Unisphere.Explorer.Domain\Unisphere.Explorer.Domain.csproj", "{75DD48EC-2B36-46EF-AE7A-DD6EE2347A78}"
EndProject
Project("{FAE04EC0-301F-11D3-BF4B-00C04F79EFBC}") = "Unisphere.Explorer.Infrastructure", "Unisphere.Explorer\src\Unisphere.Explorer.Infrastructure\Unisphere.Explorer.Infrastructure.csproj", "{D4061A48-BF4D-477E-AF4C-E16144B04455}"
EndProject
Project("{FAE04EC0-301F-11D3-BF4B-00C04F79EFBC}") = "Unisphere.Explorer.Application", "Unisphere.Explorer\src\Unisphere.Explorer.Application\Unisphere.Explorer.Application.csproj", "{B61F4208-5EDB-4AE4-BF30-1C6E6C536FE3}"
EndProject
Project("{2150E333-8FDC-42A3-9474-1A3956D46DE8}") = "Core", "Core", "{10941FEB-2A94-4931-B3DB-8E855CDDF0ED}"
EndProject
Project("{FAE04EC0-301F-11D3-BF4B-00C04F79EFBC}") = "Unisphere.Core.Application", "Unisphere.Core\src\Unisphere.Core.Application\Unisphere.Core.Application.csproj", "{B87277A0-A374-49E1-9470-D0973B0F4B49}"
EndProject
Project("{FAE04EC0-301F-11D3-BF4B-00C04F79EFBC}") = "Unisphere.Core.Common", "Unisphere.Core\src\Unisphere.Core.Common\Unisphere.Core.Common.csproj", "{F0D4E519-DDAD-4C22-BF31-ABE35B8C4433}"
EndProject
Project("{FAE04EC0-301F-11D3-BF4B-00C04F79EFBC}") = "Unisphere.Core.Presentation", "Unisphere.Core\src\Unisphere.Core.Presentation\Unisphere.Core.Presentation.csproj", "{F4425A5A-4A61-411C-BA25-9568E8FE6EBA}"
EndProject
Project("{FAE04EC0-301F-11D3-BF4B-00C04F79EFBC}") = "Unisphere.Explorer.ArchitectureTests", "Unisphere.Explorer\tests\Unisphere.Explorer.ArchitectureTests\Unisphere.Explorer.ArchitectureTests.csproj", "{2EE093FD-9918-49DE-9A45-BFFDE9863EA1}"
EndProject
Project("{FAE04EC0-301F-11D3-BF4B-00C04F79EFBC}") = "Unisphere.Core.Infrastructure", "Unisphere.Core\src\Unisphere.Core.Infrastructure\Unisphere.Core.Infrastructure.csproj", "{BE0EA4CA-AEBC-4DB0-81CA-2A0AB22096AE}"
EndProject
Project("{FAE04EC0-301F-11D3-BF4B-00C04F79EFBC}") = "Unisphere.Identity.Domain", "Unisphere.Identity\src\Unisphere.Identity.Domain\Unisphere.Identity.Domain.csproj", "{95D9D5F3-F313-4117-80B3-52CFF489F23A}"
EndProject
Project("{FAE04EC0-301F-11D3-BF4B-00C04F79EFBC}") = "Unisphere.Identity.Application", "Unisphere.Identity\src\Unisphere.Identity.Application\Unisphere.Identity.Application.csproj", "{1EE09E33-6134-445D-ABFE-134BF013FE9E}"
EndProject
Project("{FAE04EC0-301F-11D3-BF4B-00C04F79EFBC}") = "Unisphere.Identity.Infrastructure", "Unisphere.Identity\src\Unisphere.Identity.Infrastructure\Unisphere.Identity.Infrastructure.csproj", "{7A79933B-83AD-41A1-9C7A-6AE7F69A85F4}"
EndProject
Global
	GlobalSection(SolutionConfigurationPlatforms) = preSolution
		Debug|Any CPU = Debug|Any CPU
		Release|Any CPU = Release|Any CPU
	EndGlobalSection
	GlobalSection(ProjectConfigurationPlatforms) = postSolution
		{31148D52-CAAD-4376-AB3A-E80B7E4D7075}.Debug|Any CPU.ActiveCfg = Debug|Any CPU
		{31148D52-CAAD-4376-AB3A-E80B7E4D7075}.Debug|Any CPU.Build.0 = Debug|Any CPU
		{31148D52-CAAD-4376-AB3A-E80B7E4D7075}.Release|Any CPU.ActiveCfg = Release|Any CPU
		{31148D52-CAAD-4376-AB3A-E80B7E4D7075}.Release|Any CPU.Build.0 = Release|Any CPU
		{922D523E-9A62-48CE-A8F4-3B3B13861135}.Debug|Any CPU.ActiveCfg = Debug|Any CPU
		{922D523E-9A62-48CE-A8F4-3B3B13861135}.Debug|Any CPU.Build.0 = Debug|Any CPU
		{922D523E-9A62-48CE-A8F4-3B3B13861135}.Release|Any CPU.ActiveCfg = Release|Any CPU
		{922D523E-9A62-48CE-A8F4-3B3B13861135}.Release|Any CPU.Build.0 = Release|Any CPU
		{D8760959-2749-40BB-842D-AD9CFD3E23CE}.Debug|Any CPU.ActiveCfg = Debug|Any CPU
		{D8760959-2749-40BB-842D-AD9CFD3E23CE}.Debug|Any CPU.Build.0 = Debug|Any CPU
		{D8760959-2749-40BB-842D-AD9CFD3E23CE}.Release|Any CPU.ActiveCfg = Release|Any CPU
		{D8760959-2749-40BB-842D-AD9CFD3E23CE}.Release|Any CPU.Build.0 = Release|Any CPU
		{315F90A3-EBF0-453C-8939-C6B13B55E397}.Debug|Any CPU.ActiveCfg = Debug|Any CPU
		{315F90A3-EBF0-453C-8939-C6B13B55E397}.Debug|Any CPU.Build.0 = Debug|Any CPU
		{315F90A3-EBF0-453C-8939-C6B13B55E397}.Release|Any CPU.ActiveCfg = Release|Any CPU
		{315F90A3-EBF0-453C-8939-C6B13B55E397}.Release|Any CPU.Build.0 = Release|Any CPU
		{2529ECBD-0C3A-4A3E-910A-28363034B723}.Debug|Any CPU.ActiveCfg = Debug|Any CPU
		{2529ECBD-0C3A-4A3E-910A-28363034B723}.Debug|Any CPU.Build.0 = Debug|Any CPU
		{2529ECBD-0C3A-4A3E-910A-28363034B723}.Release|Any CPU.ActiveCfg = Release|Any CPU
		{2529ECBD-0C3A-4A3E-910A-28363034B723}.Release|Any CPU.Build.0 = Release|Any CPU
		{0FB7F18C-9BA6-44B0-86D1-65D303FAE670}.Debug|Any CPU.ActiveCfg = Debug|Any CPU
		{0FB7F18C-9BA6-44B0-86D1-65D303FAE670}.Debug|Any CPU.Build.0 = Debug|Any CPU
		{0FB7F18C-9BA6-44B0-86D1-65D303FAE670}.Release|Any CPU.ActiveCfg = Release|Any CPU
		{0FB7F18C-9BA6-44B0-86D1-65D303FAE670}.Release|Any CPU.Build.0 = Release|Any CPU
		{75DD48EC-2B36-46EF-AE7A-DD6EE2347A78}.Debug|Any CPU.ActiveCfg = Debug|Any CPU
		{75DD48EC-2B36-46EF-AE7A-DD6EE2347A78}.Debug|Any CPU.Build.0 = Debug|Any CPU
		{75DD48EC-2B36-46EF-AE7A-DD6EE2347A78}.Release|Any CPU.ActiveCfg = Release|Any CPU
		{75DD48EC-2B36-46EF-AE7A-DD6EE2347A78}.Release|Any CPU.Build.0 = Release|Any CPU
		{D4061A48-BF4D-477E-AF4C-E16144B04455}.Debug|Any CPU.ActiveCfg = Debug|Any CPU
		{D4061A48-BF4D-477E-AF4C-E16144B04455}.Debug|Any CPU.Build.0 = Debug|Any CPU
		{D4061A48-BF4D-477E-AF4C-E16144B04455}.Release|Any CPU.ActiveCfg = Release|Any CPU
		{D4061A48-BF4D-477E-AF4C-E16144B04455}.Release|Any CPU.Build.0 = Release|Any CPU
		{B61F4208-5EDB-4AE4-BF30-1C6E6C536FE3}.Debug|Any CPU.ActiveCfg = Debug|Any CPU
		{B61F4208-5EDB-4AE4-BF30-1C6E6C536FE3}.Debug|Any CPU.Build.0 = Debug|Any CPU
		{B61F4208-5EDB-4AE4-BF30-1C6E6C536FE3}.Release|Any CPU.ActiveCfg = Release|Any CPU
		{B61F4208-5EDB-4AE4-BF30-1C6E6C536FE3}.Release|Any CPU.Build.0 = Release|Any CPU
		{B87277A0-A374-49E1-9470-D0973B0F4B49}.Debug|Any CPU.ActiveCfg = Debug|Any CPU
		{B87277A0-A374-49E1-9470-D0973B0F4B49}.Debug|Any CPU.Build.0 = Debug|Any CPU
		{B87277A0-A374-49E1-9470-D0973B0F4B49}.Release|Any CPU.ActiveCfg = Release|Any CPU
		{B87277A0-A374-49E1-9470-D0973B0F4B49}.Release|Any CPU.Build.0 = Release|Any CPU
		{F0D4E519-DDAD-4C22-BF31-ABE35B8C4433}.Debug|Any CPU.ActiveCfg = Debug|Any CPU
		{F0D4E519-DDAD-4C22-BF31-ABE35B8C4433}.Debug|Any CPU.Build.0 = Debug|Any CPU
		{F0D4E519-DDAD-4C22-BF31-ABE35B8C4433}.Release|Any CPU.ActiveCfg = Release|Any CPU
		{F0D4E519-DDAD-4C22-BF31-ABE35B8C4433}.Release|Any CPU.Build.0 = Release|Any CPU
		{F4425A5A-4A61-411C-BA25-9568E8FE6EBA}.Debug|Any CPU.ActiveCfg = Debug|Any CPU
		{F4425A5A-4A61-411C-BA25-9568E8FE6EBA}.Debug|Any CPU.Build.0 = Debug|Any CPU
		{F4425A5A-4A61-411C-BA25-9568E8FE6EBA}.Release|Any CPU.ActiveCfg = Release|Any CPU
		{F4425A5A-4A61-411C-BA25-9568E8FE6EBA}.Release|Any CPU.Build.0 = Release|Any CPU
		{2EE093FD-9918-49DE-9A45-BFFDE9863EA1}.Debug|Any CPU.ActiveCfg = Debug|Any CPU
		{2EE093FD-9918-49DE-9A45-BFFDE9863EA1}.Debug|Any CPU.Build.0 = Debug|Any CPU
		{2EE093FD-9918-49DE-9A45-BFFDE9863EA1}.Release|Any CPU.ActiveCfg = Release|Any CPU
		{2EE093FD-9918-49DE-9A45-BFFDE9863EA1}.Release|Any CPU.Build.0 = Release|Any CPU
		{BE0EA4CA-AEBC-4DB0-81CA-2A0AB22096AE}.Debug|Any CPU.ActiveCfg = Debug|Any CPU
		{BE0EA4CA-AEBC-4DB0-81CA-2A0AB22096AE}.Debug|Any CPU.Build.0 = Debug|Any CPU
		{BE0EA4CA-AEBC-4DB0-81CA-2A0AB22096AE}.Release|Any CPU.ActiveCfg = Release|Any CPU
		{BE0EA4CA-AEBC-4DB0-81CA-2A0AB22096AE}.Release|Any CPU.Build.0 = Release|Any CPU
		{95D9D5F3-F313-4117-80B3-52CFF489F23A}.Debug|Any CPU.ActiveCfg = Debug|Any CPU
		{95D9D5F3-F313-4117-80B3-52CFF489F23A}.Debug|Any CPU.Build.0 = Debug|Any CPU
		{95D9D5F3-F313-4117-80B3-52CFF489F23A}.Release|Any CPU.ActiveCfg = Release|Any CPU
		{95D9D5F3-F313-4117-80B3-52CFF489F23A}.Release|Any CPU.Build.0 = Release|Any CPU
		{1EE09E33-6134-445D-ABFE-134BF013FE9E}.Debug|Any CPU.ActiveCfg = Debug|Any CPU
		{1EE09E33-6134-445D-ABFE-134BF013FE9E}.Debug|Any CPU.Build.0 = Debug|Any CPU
		{1EE09E33-6134-445D-ABFE-134BF013FE9E}.Release|Any CPU.ActiveCfg = Release|Any CPU
		{1EE09E33-6134-445D-ABFE-134BF013FE9E}.Release|Any CPU.Build.0 = Release|Any CPU
		{7A79933B-83AD-41A1-9C7A-6AE7F69A85F4}.Debug|Any CPU.ActiveCfg = Debug|Any CPU
		{7A79933B-83AD-41A1-9C7A-6AE7F69A85F4}.Debug|Any CPU.Build.0 = Debug|Any CPU
		{7A79933B-83AD-41A1-9C7A-6AE7F69A85F4}.Release|Any CPU.ActiveCfg = Release|Any CPU
		{7A79933B-83AD-41A1-9C7A-6AE7F69A85F4}.Release|Any CPU.Build.0 = Release|Any CPU
	EndGlobalSection
	GlobalSection(SolutionProperties) = preSolution
		HideSolutionNode = FALSE
	EndGlobalSection
	GlobalSection(NestedProjects) = preSolution
		{31148D52-CAAD-4376-AB3A-E80B7E4D7075} = {44D1A6EE-DC0A-4EC5-ACF7-52C563FCC0AC}
		{922D523E-9A62-48CE-A8F4-3B3B13861135} = {44D1A6EE-DC0A-4EC5-ACF7-52C563FCC0AC}
		{44D1A6EE-DC0A-4EC5-ACF7-52C563FCC0AC} = {7390EB02-DE32-4805-A222-8AE9665F3DE1}
		{4344256B-17A6-49FE-AF6A-2838EF25C9FB} = {705ED0CC-4A41-4D4F-888D-9EDF593543B8}
		{E3192728-787E-4269-9D4A-85775E55E358} = {4344256B-17A6-49FE-AF6A-2838EF25C9FB}
		{7FE29A68-156E-4E16-9E05-EC3A0CD1927B} = {4344256B-17A6-49FE-AF6A-2838EF25C9FB}
		{D8760959-2749-40BB-842D-AD9CFD3E23CE} = {E3192728-787E-4269-9D4A-85775E55E358}
		{315F90A3-EBF0-453C-8939-C6B13B55E397} = {C6B906D2-64BC-4320-9E75-2DCA25B763BE}
		{1CF07766-A6D0-4121-B2E2-C2DF88A320CA} = {705ED0CC-4A41-4D4F-888D-9EDF593543B8}
		{C6B906D2-64BC-4320-9E75-2DCA25B763BE} = {1CF07766-A6D0-4121-B2E2-C2DF88A320CA}
		{8D6EA9A7-2FBD-4F71-B2F3-271F0AA60C89} = {1CF07766-A6D0-4121-B2E2-C2DF88A320CA}
		{2529ECBD-0C3A-4A3E-910A-28363034B723} = {F8BEF46E-D4F4-4EAB-A63E-CF06AA5C2E8B}
		{5D6D3A77-E69E-4C24-8E8C-DA6DD7EDD768} = {705ED0CC-4A41-4D4F-888D-9EDF593543B8}
		{F8BEF46E-D4F4-4EAB-A63E-CF06AA5C2E8B} = {5D6D3A77-E69E-4C24-8E8C-DA6DD7EDD768}
		{DCED7713-089E-4998-AB8E-C2590456ED87} = {5D6D3A77-E69E-4C24-8E8C-DA6DD7EDD768}
		{0FB7F18C-9BA6-44B0-86D1-65D303FAE670} = {DDAE980C-C698-4541-93C7-BD8B0739130B}
		{A960AE24-C723-4702-BE9A-56B0B8473158} = {705ED0CC-4A41-4D4F-888D-9EDF593543B8}
		{DDAE980C-C698-4541-93C7-BD8B0739130B} = {A960AE24-C723-4702-BE9A-56B0B8473158}
		{E40839C4-3606-4761-88C3-E8A5DAE5356F} = {A960AE24-C723-4702-BE9A-56B0B8473158}
		{75DD48EC-2B36-46EF-AE7A-DD6EE2347A78} = {E3192728-787E-4269-9D4A-85775E55E358}
		{D4061A48-BF4D-477E-AF4C-E16144B04455} = {E3192728-787E-4269-9D4A-85775E55E358}
		{B61F4208-5EDB-4AE4-BF30-1C6E6C536FE3} = {E3192728-787E-4269-9D4A-85775E55E358}
		{B87277A0-A374-49E1-9470-D0973B0F4B49} = {10941FEB-2A94-4931-B3DB-8E855CDDF0ED}
		{F0D4E519-DDAD-4C22-BF31-ABE35B8C4433} = {10941FEB-2A94-4931-B3DB-8E855CDDF0ED}
		{F4425A5A-4A61-411C-BA25-9568E8FE6EBA} = {10941FEB-2A94-4931-B3DB-8E855CDDF0ED}
		{2EE093FD-9918-49DE-9A45-BFFDE9863EA1} = {7FE29A68-156E-4E16-9E05-EC3A0CD1927B}
		{BE0EA4CA-AEBC-4DB0-81CA-2A0AB22096AE} = {10941FEB-2A94-4931-B3DB-8E855CDDF0ED}
		{95D9D5F3-F313-4117-80B3-52CFF489F23A} = {F8BEF46E-D4F4-4EAB-A63E-CF06AA5C2E8B}
		{1EE09E33-6134-445D-ABFE-134BF013FE9E} = {F8BEF46E-D4F4-4EAB-A63E-CF06AA5C2E8B}
		{7A79933B-83AD-41A1-9C7A-6AE7F69A85F4} = {F8BEF46E-D4F4-4EAB-A63E-CF06AA5C2E8B}
	EndGlobalSection
EndGlobal
